github.com/fwhezfwhez/go-queue v0.0.0-20191024012148-0ed4385a26c2 h1:OqicgL+dGJ9W/Y5661xsMjkX63JcOqaLPdheTMZQUJ4=
github.com/fwhezfwhez/go-queue v0.0.0-20191024012148-0ed4385a26c2/go.mod h1:9zUO4eDtgwUNY3KJrhbDILm4Cqdg585kbawOIeeg9mY=
gopkg.in/mgo.v2 v2.0.0-20190816093944-a6b53ec6cb22 h1:VpOs+IwYnYBaFnrNAeB8UUWtL3vEUnzSCL1nVjPhqrw=
gopkg.in/mgo.v2 v2.0.0-20190816093944-a6b53ec6cb22/go.mod h1:yeKp02qBN3iKW1OzL3MGk2IdtZzaj7SFntXj72NppTA=
